{
  "version": "1.0.0",
  "lockfileVersion": 1,
  "requires": true,
  "dependencies": {
    "@tbmp/mp-cloud-sdk": {
      "version": "1.0.8",
      "resolved": "https://registry.npm.taobao.org/@tbmp/mp-cloud-sdk/download/@tbmp/mp-cloud-sdk-1.0.8.tgz",
      "integrity": "sha1-2rJC1lR0IaJIOmepiiM8CbaTQ94="
    },
    "miniapp-router": {
      "version": "0.1.6",
      "resolved": "https://registry.npm.taobao.org/miniapp-router/download/miniapp-router-0.1.6.tgz",
      "integrity": "sha1-UVO5M8EsdBrKSMpbBd3l09jpCYM="
    }
  }
}
